{
  "version": "v1",
  "packages": {
    "mudom": {
      "signature": "605ff2a8512af03ff288471b772a6850",
      "file": true
    },
    "intertype": {
      "signature": "3a7688e945a4140305f26afa953266d1",
      "file": true
    },
    "intermatic": {
      "signature": "aaa008e182ec729adca2dbb7b1e2d2aa",
      "file": true
    },
    "cnd": {
      "signature": "cefd392988702384c80c29b5629cdf15",
      "file": true
    }
  }
}